// !$*UTF8*$!
{
	archiveVersion = 1;
	classes = {
	};
	objectVersion = 46;
	objects = {

/* Begin PBXBuildFile section */
		66008E11444634C0CC84712D /* libPods-Demo.a in Frameworks */ = {isa = PBXBuildFile; fileRef = F3BEC822FC7096D5053E69DF /* libPods-Demo.a */; };
		BC6D0F391E0CF16500973D87 /* main.m in Sources */ = {isa = PBXBuildFile; fileRef = BC6D0F381E0CF16500973D87 /* main.m */; };
		BC6D0F3C1E0CF16500973D87 /* AppDelegate.m in Sources */ = {isa = PBXBuildFile; fileRef = BC6D0F3B1E0CF16500973D87 /* AppDelegate.m */; };
		BC6D0F421E0CF16500973D87 /* Main.storyboard in Resources */ = {isa = PBXBuildFile; fileRef = BC6D0F401E0CF16500973D87 /* Main.storyboard */; };
		BC6D0F441E0CF16500973D87 /* Assets.xcassets in Resources */ = {isa = PBXBuildFile; fileRef = BC6D0F431E0CF16500973D87 /* Assets.xcassets */; };
		BC6D0F471E0CF16500973D87 /* LaunchScreen.storyboard in Resources */ = {isa = PBXBuildFile; fileRef = BC6D0F451E0CF16500973D87 /* LaunchScreen.storyboard */; };
		BC6D0F521E0CF16500973D87 /* DemoTests.m in Sources */ = {isa = PBXBuildFile; fileRef = BC6D0F511E0CF16500973D87 /* DemoTests.m */; };
		BC6D0F5D1E0CF16500973D87 /* DemoUITests.m in Sources */ = {isa = PBXBuildFile; fileRef = BC6D0F5C1E0CF16500973D87 /* DemoUITests.m */; };
		BC6D0F6E1E0CF22B00973D87 /* ViewController.m in Sources */ = {isa = PBXBuildFile; fileRef = BC6D0F6D1E0CF22B00973D87 /* ViewController.m */; };
		BC6D0F721E0CF28000973D87 /* ZDScrollViewController.m in Sources */ = {isa = PBXBuildFile; fileRef = BC6D0F711E0CF28000973D87 /* ZDScrollViewController.m */; };
		BC6D0F751E0D07D000973D87 /* ZDScrollCollectionViewCell.m in Sources */ = {isa = PBXBuildFile; fileRef = BC6D0F741E0D07D000973D87 /* ZDScrollCollectionViewCell.m */; };
		BC6D0F781E0D0D0400973D87 /* ZDView.m in Sources */ = {isa = PBXBuildFile; fileRef = BC6D0F771E0D0D0400973D87 /* ZDView.m */; };
		BC6D0F7A1E0D0D1800973D87 /* ZDView.xib in Resources */ = {isa = PBXBuildFile; fileRef = BC6D0F791E0D0D1800973D87 /* ZDView.xib */; };
		BC6D0F7D1E0D0E0000973D87 /* ZDViewController.m in Sources */ = {isa = PBXBuildFile; fileRef = BC6D0F7C1E0D0E0000973D87 /* ZDViewController.m */; };
		BC6D0F801E0D318E00973D87 /* TableViewController.m in Sources */ = {isa = PBXBuildFile; fileRef = BC6D0F7F1E0D318E00973D87 /* TableViewController.m */; };
		BC6D0F831E0D433E00973D87 /* ZDCollectionHeaderView.m in Sources */ = {isa = PBXBuildFile; fileRef = BC6D0F821E0D433E00973D87 /* ZDCollectionHeaderView.m */; };
		BC6D0F861E110FF800973D87 /* ZDHeaderView.m in Sources */ = {isa = PBXBuildFile; fileRef = BC6D0F851E110FF800973D87 /* ZDHeaderView.m */; };
		BC6D0F8A1E1143F300973D87 /* ScrollViewController.m in Sources */ = {isa = PBXBuildFile; fileRef = BC6D0F891E1143F300973D87 /* ScrollViewController.m */; };
		BCD88CF51E26556B0038C78B /* DemoVC.m in Sources */ = {isa = PBXBuildFile; fileRef = BCD88CF41E26556B0038C78B /* DemoVC.m */; };
		BCD88D041E2731E80038C78B /* ZDTableViewCell.m in Sources */ = {isa = PBXBuildFile; fileRef = BCD88D011E2731E80038C78B /* ZDTableViewCell.m */; };
		BCD88D051E2731E80038C78B /* ZDTableViewController.m in Sources */ = {isa = PBXBuildFile; fileRef = BCD88D031E2731E80038C78B /* ZDTableViewController.m */; };
		BCE781631E76512F00AF4411 /* ZDHorizonPageScrollView.m in Sources */ = {isa = PBXBuildFile; fileRef = BCE781621E76512F00AF4411 /* ZDHorizonPageScrollView.m */; };
/* End PBXBuildFile section */

/* Begin PBXContainerItemProxy section */
		BC6D0F4E1E0CF16500973D87 /* PBXContainerItemProxy */ = {
			isa = PBXContainerItemProxy;
			containerPortal = BC6D0F2C1E0CF16500973D87 /* Project object */;
			proxyType = 1;
			remoteGlobalIDString = BC6D0F331E0CF16500973D87;
			remoteInfo = Demo;
		};
		BC6D0F591E0CF16500973D87 /* PBXContainerItemProxy */ = {
			isa = PBXContainerItemProxy;
			containerPortal = BC6D0F2C1E0CF16500973D87 /* Project object */;
			proxyType = 1;
			remoteGlobalIDString = BC6D0F331E0CF16500973D87;
			remoteInfo = Demo;
		};
/* End PBXContainerItemProxy section */

/* Begin PBXFileReference section */
		A9123B0DD3AEBAA8A658AE3C /* Pods-Demo.debug.xcconfig */ = {isa = PBXFileReference; includeInIndex = 1; lastKnownFileType = text.xcconfig; name = "Pods-Demo.debug.xcconfig"; path = "Pods/Target Support Files/Pods-Demo/Pods-Demo.debug.xcconfig"; sourceTree = "<group>"; };
		BC6D0F341E0CF16500973D87 /* Demo.app */ = {isa = PBXFileReference; explicitFileType = wrapper.application; includeInIndex = 0; path = Demo.app; sourceTree = BUILT_PRODUCTS_DIR; };
		BC6D0F381E0CF16500973D87 /* main.m */ = {isa = PBXFileReference; lastKnownFileType = sourcecode.c.objc; path = main.m; sourceTree = "<group>"; };
		BC6D0F3A1E0CF16500973D87 /* AppDelegate.h */ = {isa = PBXFileReference; lastKnownFileType = sourcecode.c.h; path = AppDelegate.h; sourceTree = "<group>"; };
		BC6D0F3B1E0CF16500973D87 /* AppDelegate.m */ = {isa = PBXFileReference; lastKnownFileType = sourcecode.c.objc; path = AppDelegate.m; sourceTree = "<group>"; };
		BC6D0F411E0CF16500973D87 /* Base */ = {isa = PBXFileReference; lastKnownFileType = file.storyboard; name = Base; path = Base.lproj/Main.storyboard; sourceTree = "<group>"; };
		BC6D0F431E0CF16500973D87 /* Assets.xcassets */ = {isa = PBXFileReference; lastKnownFileType = folder.assetcatalog; path = Assets.xcassets; sourceTree = "<group>"; };
		BC6D0F461E0CF16500973D87 /* Base */ = {isa = PBXFileReference; lastKnownFileType = file.storyboard; name = Base; path = Base.lproj/LaunchScreen.storyboard; sourceTree = "<group>"; };
		BC6D0F481E0CF16500973D87 /* Info.plist */ = {isa = PBXFileReference; lastKnownFileType = text.plist.xml; path = Info.plist; sourceTree = "<group>"; };
		BC6D0F4D1E0CF16500973D87 /* DemoTests.xctest */ = {isa = PBXFileReference; explicitFileType = wrapper.cfbundle; includeInIndex = 0; path = DemoTests.xctest; sourceTree = BUILT_PRODUCTS_DIR; };
		BC6D0F511E0CF16500973D87 /* DemoTests.m */ = {isa = PBXFileReference; lastKnownFileType = sourcecode.c.objc; path = DemoTests.m; sourceTree = "<group>"; };
		BC6D0F531E0CF16500973D87 /* Info.plist */ = {isa = PBXFileReference; lastKnownFileType = text.plist.xml; path = Info.plist; sourceTree = "<group>"; };
		BC6D0F581E0CF16500973D87 /* DemoUITests.xctest */ = {isa = PBXFileReference; explicitFileType = wrapper.cfbundle; includeInIndex = 0; path = DemoUITests.xctest; sourceTree = BUILT_PRODUCTS_DIR; };
		BC6D0F5C1E0CF16500973D87 /* DemoUITests.m */ = {isa = PBXFileReference; lastKnownFileType = sourcecode.c.objc; path = DemoUITests.m; sourceTree = "<group>"; };
		BC6D0F5E1E0CF16500973D87 /* Info.plist */ = {isa = PBXFileReference; lastKnownFileType = text.plist.xml; path = Info.plist; sourceTree = "<group>"; };
		BC6D0F6C1E0CF22B00973D87 /* ViewController.h */ = {isa = PBXFileReference; fileEncoding = 4; lastKnownFileType = sourcecode.c.h; path = ViewController.h; sourceTree = "<group>"; };
		BC6D0F6D1E0CF22B00973D87 /* ViewController.m */ = {isa = PBXFileReference; fileEncoding = 4; lastKnownFileType = sourcecode.c.objc; path = ViewController.m; sourceTree = "<group>"; };
		BC6D0F701E0CF28000973D87 /* ZDScrollViewController.h */ = {isa = PBXFileReference; fileEncoding = 4; lastKnownFileType = sourcecode.c.h; path = ZDScrollViewController.h; sourceTree = "<group>"; };
		BC6D0F711E0CF28000973D87 /* ZDScrollViewController.m */ = {isa = PBXFileReference; fileEncoding = 4; lastKnownFileType = sourcecode.c.objc; path = ZDScrollViewController.m; sourceTree = "<group>"; };
		BC6D0F731E0D07D000973D87 /* ZDScrollCollectionViewCell.h */ = {isa = PBXFileReference; fileEncoding = 4; lastKnownFileType = sourcecode.c.h; path = ZDScrollCollectionViewCell.h; sourceTree = "<group>"; };
		BC6D0F741E0D07D000973D87 /* ZDScrollCollectionViewCell.m */ = {isa = PBXFileReference; fileEncoding = 4; lastKnownFileType = sourcecode.c.objc; path = ZDScrollCollectionViewCell.m; sourceTree = "<group>"; };
		BC6D0F761E0D0D0400973D87 /* ZDView.h */ = {isa = PBXFileReference; fileEncoding = 4; lastKnownFileType = sourcecode.c.h; path = ZDView.h; sourceTree = "<group>"; };
		BC6D0F771E0D0D0400973D87 /* ZDView.m */ = {isa = PBXFileReference; fileEncoding = 4; lastKnownFileType = sourcecode.c.objc; path = ZDView.m; sourceTree = "<group>"; };
		BC6D0F791E0D0D1800973D87 /* ZDView.xib */ = {isa = PBXFileReference; fileEncoding = 4; lastKnownFileType = file.xib; path = ZDView.xib; sourceTree = "<group>"; };
		BC6D0F7B1E0D0E0000973D87 /* ZDViewController.h */ = {isa = PBXFileReference; fileEncoding = 4; lastKnownFileType = sourcecode.c.h; path = ZDViewController.h; sourceTree = "<group>"; };
		BC6D0F7C1E0D0E0000973D87 /* ZDViewController.m */ = {isa = PBXFileReference; fileEncoding = 4; lastKnownFileType = sourcecode.c.objc; path = ZDViewController.m; sourceTree = "<group>"; };
		BC6D0F7E1E0D318E00973D87 /* TableViewController.h */ = {isa = PBXFileReference; fileEncoding = 4; lastKnownFileType = sourcecode.c.h; path = TableViewController.h; sourceTree = "<group>"; };
		BC6D0F7F1E0D318E00973D87 /* TableViewController.m */ = {isa = PBXFileReference; fileEncoding = 4; lastKnownFileType = sourcecode.c.objc; path = TableViewController.m; sourceTree = "<group>"; };
		BC6D0F811E0D433E00973D87 /* ZDCollectionHeaderView.h */ = {isa = PBXFileReference; fileEncoding = 4; lastKnownFileType = sourcecode.c.h; path = ZDCollectionHeaderView.h; sourceTree = "<group>"; };
		BC6D0F821E0D433E00973D87 /* ZDCollectionHeaderView.m */ = {isa = PBXFileReference; fileEncoding = 4; lastKnownFileType = sourcecode.c.objc; path = ZDCollectionHeaderView.m; sourceTree = "<group>"; };
		BC6D0F841E110FF800973D87 /* ZDHeaderView.h */ = {isa = PBXFileReference; fileEncoding = 4; lastKnownFileType = sourcecode.c.h; path = ZDHeaderView.h; sourceTree = "<group>"; };
		BC6D0F851E110FF800973D87 /* ZDHeaderView.m */ = {isa = PBXFileReference; fileEncoding = 4; lastKnownFileType = sourcecode.c.objc; path = ZDHeaderView.m; sourceTree = "<group>"; };
		BC6D0F881E1143F300973D87 /* ScrollViewController.h */ = {isa = PBXFileReference; fileEncoding = 4; lastKnownFileType = sourcecode.c.h; path = ScrollViewController.h; sourceTree = "<group>"; };
		BC6D0F891E1143F300973D87 /* ScrollViewController.m */ = {isa = PBXFileReference; fileEncoding = 4; lastKnownFileType = sourcecode.c.objc; path = ScrollViewController.m; sourceTree = "<group>"; };
		BC6D0FBE1E1BCAF200973D87 /* ScrollProtocol.h */ = {isa = PBXFileReference; fileEncoding = 4; lastKnownFileType = sourcecode.c.h; path = ScrollProtocol.h; sourceTree = "<group>"; };
		BCD88CF31E26556B0038C78B /* DemoVC.h */ = {isa = PBXFileReference; fileEncoding = 4; lastKnownFileType = sourcecode.c.h; path = DemoVC.h; sourceTree = "<group>"; };
		BCD88CF41E26556B0038C78B /* DemoVC.m */ = {isa = PBXFileReference; fileEncoding = 4; lastKnownFileType = sourcecode.c.objc; path = DemoVC.m; sourceTree = "<group>"; };
		BCD88D001E2731E80038C78B /* ZDTableViewCell.h */ = {isa = PBXFileReference; fileEncoding = 4; lastKnownFileType = sourcecode.c.h; path = ZDTableViewCell.h; sourceTree = "<group>"; };
		BCD88D011E2731E80038C78B /* ZDTableViewCell.m */ = {isa = PBXFileReference; fileEncoding = 4; lastKnownFileType = sourcecode.c.objc; path = ZDTableViewCell.m; sourceTree = "<group>"; };
		BCD88D021E2731E80038C78B /* ZDTableViewController.h */ = {isa = PBXFileReference; fileEncoding = 4; lastKnownFileType = sourcecode.c.h; path = ZDTableViewController.h; sourceTree = "<group>"; };
		BCD88D031E2731E80038C78B /* ZDTableViewController.m */ = {isa = PBXFileReference; fileEncoding = 4; lastKnownFileType = sourcecode.c.objc; path = ZDTableViewController.m; sourceTree = "<group>"; };
		BCE781611E76512F00AF4411 /* ZDHorizonPageScrollView.h */ = {isa = PBXFileReference; fileEncoding = 4; lastKnownFileType = sourcecode.c.h; path = ZDHorizonPageScrollView.h; sourceTree = "<group>"; };
		BCE781621E76512F00AF4411 /* ZDHorizonPageScrollView.m */ = {isa = PBXFileReference; fileEncoding = 4; lastKnownFileType = sourcecode.c.objc; path = ZDHorizonPageScrollView.m; sourceTree = "<group>"; };
		EA8E95C250A081D8EE418E72 /* Pods-Demo.release.xcconfig */ = {isa = PBXFileReference; includeInIndex = 1; lastKnownFileType = text.xcconfig; name = "Pods-Demo.release.xcconfig"; path = "Pods/Target Support Files/Pods-Demo/Pods-Demo.release.xcconfig"; sourceTree = "<group>"; };
		F3BEC822FC7096D5053E69DF /* libPods-Demo.a */ = {isa = PBXFileReference; explicitFileType = archive.ar; includeInIndex = 0; path = "libPods-Demo.a"; sourceTree = BUILT_PRODUCTS_DIR; };
/* End PBXFileReference section */

/* Begin PBXFrameworksBuildPhase section */
		BC6D0F311E0CF16500973D87 /* Frameworks */ = {
			isa = PBXFrameworksBuildPhase;
			buildActionMask = 2147483647;
			files = (
				66008E11444634C0CC84712D /* libPods-Demo.a in Frameworks */,
			);
			runOnlyForDeploymentPostprocessing = 0;
		};
		BC6D0F4A1E0CF16500973D87 /* Frameworks */ = {
			isa = PBXFrameworksBuildPhase;
			buildActionMask = 2147483647;
			files = (
			);
			runOnlyForDeploymentPostprocessing = 0;
		};
		BC6D0F551E0CF16500973D87 /* Frameworks */ = {
			isa = PBXFrameworksBuildPhase;
			buildActionMask = 2147483647;
			files = (
			);
			runOnlyForDeploymentPostprocessing = 0;
		};
/* End PBXFrameworksBuildPhase section */

/* Begin PBXGroup section */
		7D7EB9C964081725C66397FD /* Pods */ = {
			isa = PBXGroup;
			children = (
				A9123B0DD3AEBAA8A658AE3C /* Pods-Demo.debug.xcconfig */,
				EA8E95C250A081D8EE418E72 /* Pods-Demo.release.xcconfig */,
			);
			name = Pods;
			sourceTree = "<group>";
		};
		AEA72723A6E8D657F985ED25 /* Frameworks */ = {
			isa = PBXGroup;
			children = (
				F3BEC822FC7096D5053E69DF /* libPods-Demo.a */,
			);
			name = Frameworks;
			sourceTree = "<group>";
		};
		BC6D0F2B1E0CF16500973D87 = {
			isa = PBXGroup;
			children = (
				BCE781601E76510000AF4411 /* HorizonScrollView */,
				BC6D0F871E1143B600973D87 /* Source */,
				BC6D0F6A1E0CF18000973D87 /* ZDScrollViewController */,
				BC6D0F361E0CF16500973D87 /* Demo */,
				BCD88CFF1E2731E80038C78B /* Deprecated */,
				BC6D0F501E0CF16500973D87 /* DemoTests */,
				BC6D0F5B1E0CF16500973D87 /* DemoUITests */,
				BC6D0F351E0CF16500973D87 /* Products */,
				7D7EB9C964081725C66397FD /* Pods */,
				AEA72723A6E8D657F985ED25 /* Frameworks */,
			);
			sourceTree = "<group>";
		};
		BC6D0F351E0CF16500973D87 /* Products */ = {
			isa = PBXGroup;
			children = (
				BC6D0F341E0CF16500973D87 /* Demo.app */,
				BC6D0F4D1E0CF16500973D87 /* DemoTests.xctest */,
				BC6D0F581E0CF16500973D87 /* DemoUITests.xctest */,
			);
			name = Products;
			sourceTree = "<group>";
		};
		BC6D0F361E0CF16500973D87 /* Demo */ = {
			isa = PBXGroup;
			children = (
				BC6D0F6B1E0CF22B00973D87 /* Controllers */,
				BC6D0F6F1E0CF23100973D87 /* Views */,
				BC6D0F3A1E0CF16500973D87 /* AppDelegate.h */,
				BC6D0F3B1E0CF16500973D87 /* AppDelegate.m */,
				BC6D0F401E0CF16500973D87 /* Main.storyboard */,
				BC6D0F431E0CF16500973D87 /* Assets.xcassets */,
				BC6D0F451E0CF16500973D87 /* LaunchScreen.storyboard */,
				BC6D0F481E0CF16500973D87 /* Info.plist */,
				BC6D0F371E0CF16500973D87 /* Supporting Files */,
			);
			path = Demo;
			sourceTree = "<group>";
		};
		BC6D0F371E0CF16500973D87 /* Supporting Files */ = {
			isa = PBXGroup;
			children = (
				BC6D0F381E0CF16500973D87 /* main.m */,
			);
			name = "Supporting Files";
			sourceTree = "<group>";
		};
		BC6D0F501E0CF16500973D87 /* DemoTests */ = {
			isa = PBXGroup;
			children = (
				BC6D0F511E0CF16500973D87 /* DemoTests.m */,
				BC6D0F531E0CF16500973D87 /* Info.plist */,
			);
			path = DemoTests;
			sourceTree = "<group>";
		};
		BC6D0F5B1E0CF16500973D87 /* DemoUITests */ = {
			isa = PBXGroup;
			children = (
				BC6D0F5C1E0CF16500973D87 /* DemoUITests.m */,
				BC6D0F5E1E0CF16500973D87 /* Info.plist */,
			);
			path = DemoUITests;
			sourceTree = "<group>";
		};
		BC6D0F6A1E0CF18000973D87 /* ZDScrollViewController */ = {
			isa = PBXGroup;
			children = (
				BC6D0F701E0CF28000973D87 /* ZDScrollViewController.h */,
				BC6D0F711E0CF28000973D87 /* ZDScrollViewController.m */,
				BC6D0F731E0D07D000973D87 /* ZDScrollCollectionViewCell.h */,
				BC6D0F741E0D07D000973D87 /* ZDScrollCollectionViewCell.m */,
				BC6D0F811E0D433E00973D87 /* ZDCollectionHeaderView.h */,
				BC6D0F821E0D433E00973D87 /* ZDCollectionHeaderView.m */,
				BC6D0F841E110FF800973D87 /* ZDHeaderView.h */,
				BC6D0F851E110FF800973D87 /* ZDHeaderView.m */,
			);
			path = ZDScrollViewController;
			sourceTree = "<group>";
		};
		BC6D0F6B1E0CF22B00973D87 /* Controllers */ = {
			isa = PBXGroup;
			children = (
				BC6D0F6C1E0CF22B00973D87 /* ViewController.h */,
				BC6D0F6D1E0CF22B00973D87 /* ViewController.m */,
				BC6D0F7B1E0D0E0000973D87 /* ZDViewController.h */,
				BC6D0F7C1E0D0E0000973D87 /* ZDViewController.m */,
				BCD88CF31E26556B0038C78B /* DemoVC.h */,
				BCD88CF41E26556B0038C78B /* DemoVC.m */,
				BC6D0F7E1E0D318E00973D87 /* TableViewController.h */,
				BC6D0F7F1E0D318E00973D87 /* TableViewController.m */,
			);
			path = Controllers;
			sourceTree = "<group>";
		};
		BC6D0F6F1E0CF23100973D87 /* Views */ = {
			isa = PBXGroup;
			children = (
				BC6D0F761E0D0D0400973D87 /* ZDView.h */,
				BC6D0F771E0D0D0400973D87 /* ZDView.m */,
				BC6D0F791E0D0D1800973D87 /* ZDView.xib */,
			);
			path = Views;
			sourceTree = "<group>";
		};
		BC6D0F871E1143B600973D87 /* Source */ = {
			isa = PBXGroup;
			children = (
				BC6D0F881E1143F300973D87 /* ScrollViewController.h */,
				BC6D0F891E1143F300973D87 /* ScrollViewController.m */,
				BC6D0FBE1E1BCAF200973D87 /* ScrollProtocol.h */,
			);
			path = Source;
			sourceTree = "<group>";
		};
		BCD88CFF1E2731E80038C78B /* Deprecated */ = {
			isa = PBXGroup;
			children = (
				BCD88D001E2731E80038C78B /* ZDTableViewCell.h */,
				BCD88D011E2731E80038C78B /* ZDTableViewCell.m */,
				BCD88D021E2731E80038C78B /* ZDTableViewController.h */,
				BCD88D031E2731E80038C78B /* ZDTableViewController.m */,
			);
			path = Deprecated;
			sourceTree = "<group>";
		};
		BCE781601E76510000AF4411 /* HorizonScrollView */ = {
			isa = PBXGroup;
			children = (
				BCE781611E76512F00AF4411 /* ZDHorizonPageScrollView.h */,
				BCE781621E76512F00AF4411 /* ZDHorizonPageScrollView.m */,
			);
			path = HorizonScrollView;
			sourceTree = "<group>";
		};
/* End PBXGroup section */

/* Begin PBXNativeTarget section */
		BC6D0F331E0CF16500973D87 /* Demo */ = {
			isa = PBXNativeTarget;
			buildConfigurationList = BC6D0F611E0CF16500973D87 /* Build configuration list for PBXNativeTarget "Demo" */;
			buildPhases = (
				CB4C54ECEDE65CD7AFB5C9EA /* Check Pods Manifest.lock */,
				BC6D0F301E0CF16500973D87 /* Sources */,
				BC6D0F311E0CF16500973D87 /* Frameworks */,
				BC6D0F321E0CF16500973D87 /* Resources */,
				846044AF9DA0D70C46801A61 /* Copy Pods Resources */,
			);
			buildRules = (
			);
			dependencies = (
			);
			name = Demo;
			productName = Demo;
			productReference = BC6D0F341E0CF16500973D87 /* Demo.app */;
			productType = "com.apple.product-type.application";
		};
		BC6D0F4C1E0CF16500973D87 /* DemoTests */ = {
			isa = PBXNativeTarget;
			buildConfigurationList = BC6D0F641E0CF16500973D87 /* Build configuration list for PBXNativeTarget "DemoTests" */;
			buildPhases = (
				BC6D0F491E0CF16500973D87 /* Sources */,
				BC6D0F4A1E0CF16500973D87 /* Frameworks */,
				BC6D0F4B1E0CF16500973D87 /* Resources */,
			);
			buildRules = (
			);
			dependencies = (
				BC6D0F4F1E0CF16500973D87 /* PBXTargetDependency */,
			);
			name = DemoTests;
			productName = DemoTests;
			productReference = BC6D0F4D1E0CF16500973D87 /* DemoTests.xctest */;
			productType = "com.apple.product-type.bundle.unit-test";
		};
		BC6D0F571E0CF16500973D87 /* DemoUITests */ = {
			isa = PBXNativeTarget;
			buildConfigurationList = BC6D0F671E0CF16500973D87 /* Build configuration list for PBXNativeTarget "DemoUITests" */;
			buildPhases = (
				BC6D0F541E0CF16500973D87 /* Sources */,
				BC6D0F551E0CF16500973D87 /* Frameworks */,
				BC6D0F561E0CF16500973D87 /* Resources */,
			);
			buildRules = (
			);
			dependencies = (
				BC6D0F5A1E0CF16500973D87 /* PBXTargetDependency */,
			);
			name = DemoUITests;
			productName = DemoUITests;
			productReference = BC6D0F581E0CF16500973D87 /* DemoUITests.xctest */;
			productType = "com.apple.product-type.bundle.ui-testing";
		};
/* End PBXNativeTarget section */

/* Begin PBXProject section */
		BC6D0F2C1E0CF16500973D87 /* Project object */ = {
			isa = PBXProject;
			attributes = {
				LastUpgradeCheck = 0820;
				ORGANIZATIONNAME = Zero.D.Saber;
				TargetAttributes = {
					BC6D0F331E0CF16500973D87 = {
						CreatedOnToolsVersion = 8.2.1;
						DevelopmentTeam = ZTW9XPA927;
						ProvisioningStyle = Automatic;
					};
					BC6D0F4C1E0CF16500973D87 = {
						CreatedOnToolsVersion = 8.2.1;
						ProvisioningStyle = Automatic;
						TestTargetID = BC6D0F331E0CF16500973D87;
					};
					BC6D0F571E0CF16500973D87 = {
						CreatedOnToolsVersion = 8.2.1;
						ProvisioningStyle = Automatic;
						TestTargetID = BC6D0F331E0CF16500973D87;
					};
				};
			};
			buildConfigurationList = BC6D0F2F1E0CF16500973D87 /* Build configuration list for PBXProject "Demo" */;
			compatibilityVersion = "Xcode 3.2";
			developmentRegion = English;
			hasScannedForEncodings = 0;
			knownRegions = (
				en,
				Base,
			);
			mainGroup = BC6D0F2B1E0CF16500973D87;
			productRefGroup = BC6D0F351E0CF16500973D87 /* Products */;
			projectDirPath = "";
			projectRoot = "";
			targets = (
				BC6D0F331E0CF16500973D87 /* Demo */,
				BC6D0F4C1E0CF16500973D87 /* DemoTests */,
				BC6D0F571E0CF16500973D87 /* DemoUITests */,
			);
		};
/* End PBXProject section */

/* Begin PBXResourcesBuildPhase section */
		BC6D0F321E0CF16500973D87 /* Resources */ = {
			isa = PBXResourcesBuildPhase;
			buildActionMask = 2147483647;
			files = (
				BC6D0F7A1E0D0D1800973D87 /* ZDView.xib in Resources */,
				BC6D0F471E0CF16500973D87 /* LaunchScreen.storyboard in Resources */,
				BC6D0F441E0CF16500973D87 /* Assets.xcassets in Resources */,
				BC6D0F421E0CF16500973D87 /* Main.storyboard in Resources */,
			);
			runOnlyForDeploymentPostprocessing = 0;
		};
		BC6D0F4B1E0CF16500973D87 /* Resources */ = {
			isa = PBXResourcesBuildPhase;
			buildActionMask = 2147483647;
			files = (
			);
			runOnlyForDeploymentPostprocessing = 0;
		};
		BC6D0F561E0CF16500973D87 /* Resources */ = {
			isa = PBXResourcesBuildPhase;
			buildActionMask = 2147483647;
			files = (
			);
			runOnlyForDeploymentPostprocessing = 0;
		};
/* End PBXResourcesBuildPhase section */

/* Begin PBXShellScriptBuildPhase section */
		846044AF9DA0D70C46801A61 /* Copy Pods Resources */ = {
			isa = PBXShellScriptBuildPhase;
			buildActionMask = 2147483647;
			files = (
			);
			inputPaths = (
			);
			name = "Copy Pods Resources";
			outputPaths = (
			);
			runOnlyForDeploymentPostprocessing = 0;
			shellPath = /bin/sh;
			shellScript = "\"${SRCROOT}/Pods/Target Support Files/Pods-Demo/Pods-Demo-resources.sh\"\n";
			showEnvVarsInLog = 0;
		};
		CB4C54ECEDE65CD7AFB5C9EA /* Check Pods Manifest.lock */ = {
			isa = PBXShellScriptBuildPhase;
			buildActionMask = 2147483647;
			files = (
			);
			inputPaths = (
			);
			name = "Check Pods Manifest.lock";
			outputPaths = (
			);
			runOnlyForDeploymentPostprocessing = 0;
			shellPath = /bin/sh;
			shellScript = "diff \"${PODS_ROOT}/../Podfile.lock\" \"${PODS_ROOT}/Manifest.lock\" > /dev/null\nif [[ $? != 0 ]] ; then\n    cat << EOM\nerror: The sandbox is not in sync with the Podfile.lock. Run 'pod install' or update your CocoaPods installation.\nEOM\n    exit 1\nfi\n";
			showEnvVarsInLog = 0;
		};
/* End PBXShellScriptBuildPhase section */

/* Begin PBXSourcesBuildPhase section */
		BC6D0F301E0CF16500973D87 /* Sources */ = {
			isa = PBXSourcesBuildPhase;
			buildActionMask = 2147483647;
			files = (
				BC6D0F6E1E0CF22B00973D87 /* ViewController.m in Sources */,
				BC6D0F831E0D433E00973D87 /* ZDCollectionHeaderView.m in Sources */,
				BC6D0F3C1E0CF16500973D87 /* AppDelegate.m in Sources */,
				BC6D0F861E110FF800973D87 /* ZDHeaderView.m in Sources */,
				BC6D0F8A1E1143F300973D87 /* ScrollViewController.m in Sources */,
				BC6D0F7D1E0D0E0000973D87 /* ZDViewController.m in Sources */,
				BC6D0F781E0D0D0400973D87 /* ZDView.m in Sources */,
				BCD88D051E2731E80038C78B /* ZDTableViewController.m in Sources */,
				BC6D0F391E0CF16500973D87 /* main.m in Sources */,
				BC6D0F751E0D07D000973D87 /* ZDScrollCollectionViewCell.m in Sources */,
				BCD88D041E2731E80038C78B /* ZDTableViewCell.m in Sources */,
				BCE781631E76512F00AF4411 /* ZDHorizonPageScrollView.m in Sources */,
				BCD88CF51E26556B0038C78B /* DemoVC.m in Sources */,
				BC6D0F721E0CF28000973D87 /* ZDScrollViewController.m in Sources */,
				BC6D0F801E0D318E00973D87 /* TableViewController.m in Sources */,
			);
			runOnlyForDeploymentPostprocessing = 0;
		};
		BC6D0F491E0CF16500973D87 /* Sources */ = {
			isa = PBXSourcesBuildPhase;
			buildActionMask = 2147483647;
			files = (
				BC6D0F521E0CF16500973D87 /* DemoTests.m in Sources */,
			);
			runOnlyForDeploymentPostprocessing = 0;
		};
		BC6D0F541E0CF16500973D87 /* Sources */ = {
			isa = PBXSourcesBuildPhase;
			buildActionMask = 2147483647;
			files = (
				BC6D0F5D1E0CF16500973D87 /* DemoUITests.m in Sources */,
			);
			runOnlyForDeploymentPostprocessing = 0;
		};
/* End PBXSourcesBuildPhase section */

/* Begin PBXTargetDependency section */
		BC6D0F4F1E0CF16500973D87 /* PBXTargetDependency */ = {
			isa = PBXTargetDependency;
			target = BC6D0F331E0CF16500973D87 /* Demo */;
			targetProxy = BC6D0F4E1E0CF16500973D87 /* PBXContainerItemProxy */;
		};
		BC6D0F5A1E0CF16500973D87 /* PBXTargetDependency */ = {
			isa = PBXTargetDependency;
			target = BC6D0F331E0CF16500973D87 /* Demo */;
			targetProxy = BC6D0F591E0CF16500973D87 /* PBXContainerItemProxy */;
		};
/* End PBXTargetDependency section */

/* Begin PBXVariantGroup section */
		BC6D0F401E0CF16500973D87 /* Main.storyboard */ = {
			isa = PBXVariantGroup;
			children = (
				BC6D0F411E0CF16500973D87 /* Base */,
			);
			name = Main.storyboard;
			sourceTree = "<group>";
		};
		BC6D0F451E0CF16500973D87 /* LaunchScreen.storyboard */ = {
			isa = PBXVariantGroup;
			children = (
				BC6D0F461E0CF16500973D87 /* Base */,
			);
			name = LaunchScreen.storyboard;
			sourceTree = "<group>";
		};
/* End PBXVariantGroup section */

/* Begin XCBuildConfiguration section */
		BC6D0F5F1E0CF16500973D87 /* Debug */ = {
			isa = XCBuildConfiguration;
			buildSettings = {
				ALWAYS_SEARCH_USER_PATHS = NO;
				CLANG_ANALYZER_NONNULL = YES;
				CLANG_CXX_LANGUAGE_STANDARD = "gnu++0x";
				CLANG_CXX_LIBRARY = "libc++";
				CLANG_ENABLE_MODULES = YES;
				CLANG_ENABLE_OBJC_ARC = YES;
				CLANG_WARN_BOOL_CONVERSION = YES;
				CLANG_WARN_CONSTANT_CONVERSION = YES;
				CLANG_WARN_DIRECT_OBJC_ISA_USAGE = YES_ERROR;
				CLANG_WARN_DOCUMENTATION_COMMENTS = YES;
				CLANG_WARN_EMPTY_BODY = YES;
				CLANG_WARN_ENUM_CONVERSION = YES;
				CLANG_WARN_INFINITE_RECURSION = YES;
				CLANG_WARN_INT_CONVERSION = YES;
				CLANG_WARN_OBJC_ROOT_CLASS = YES_ERROR;
				CLANG_WARN_SUSPICIOUS_MOVE = YES;
				CLANG_WARN_UNREACHABLE_CODE = YES;
				CLANG_WARN__DUPLICATE_METHOD_MATCH = YES;
				"CODE_SIGN_IDENTITY[sdk=iphoneos*]" = "iPhone Developer";
				COPY_PHASE_STRIP = NO;
				DEBUG_INFORMATION_FORMAT = dwarf;
				ENABLE_STRICT_OBJC_MSGSEND = YES;
				ENABLE_TESTABILITY = YES;
				GCC_C_LANGUAGE_STANDARD = gnu99;
				GCC_DYNAMIC_NO_PIC = NO;
				GCC_NO_COMMON_BLOCKS = YES;
				GCC_OPTIMIZATION_LEVEL = 0;
				GCC_PREPROCESSOR_DEFINITIONS = (
					"DEBUG=1",
					"$(inherited)",
				);
				GCC_WARN_64_TO_32_BIT_CONVERSION = YES;
				GCC_WARN_ABOUT_RETURN_TYPE = YES_ERROR;
				GCC_WARN_UNDECLARED_SELECTOR = YES;
				GCC_WARN_UNINITIALIZED_AUTOS = YES_AGGRESSIVE;
				GCC_WARN_UNUSED_FUNCTION = YES;
				GCC_WARN_UNUSED_VARIABLE = YES;
				IPHONEOS_DEPLOYMENT_TARGET = 10.2;
				MTL_ENABLE_DEBUG_INFO = YES;
				ONLY_ACTIVE_ARCH = YES;
				SDKROOT = iphoneos;
				TARGETED_DEVICE_FAMILY = "1,2";
			};
			name = Debug;
		};
		BC6D0F601E0CF16500973D87 /* Release */ = {
			isa = XCBuildConfiguration;
			buildSettings = {
				ALWAYS_SEARCH_USER_PATHS = NO;
				CLANG_ANALYZER_NONNULL = YES;
				CLANG_CXX_LANGUAGE_STANDARD = "gnu++0x";
				CLANG_CXX_LIBRARY = "libc++";
				CLANG_ENABLE_MODULES = YES;
				CLANG_ENABLE_OBJC_ARC = YES;
				CLANG_WARN_BOOL_CONVERSION = YES;
				CLANG_WARN_CONSTANT_CONVERSION = YES;
				CLANG_WARN_DIRECT_OBJC_ISA_USAGE = YES_ERROR;
				CLANG_WARN_DOCUMENTATION_COMMENTS = YES;
				CLANG_WARN_EMPTY_BODY = YES;
				CLANG_WARN_ENUM_CONVERSION = YES;
				CLANG_WARN_INFINITE_RECURSION = YES;
				CLANG_WARN_INT_CONVERSION = YES;
				CLANG_WARN_OBJC_ROOT_CLASS = YES_ERROR;
				CLANG_WARN_SUSPICIOUS_MOVE = YES;
				CLANG_WARN_UNREACHABLE_CODE = YES;
				CLANG_WARN__DUPLICATE_METHOD_MATCH = YES;
				"CODE_SIGN_IDENTITY[sdk=iphoneos*]" = "iPhone Developer";
				COPY_PHASE_STRIP = NO;
				DEBUG_INFORMATION_FORMAT = "dwarf-with-dsym";
				ENABLE_NS_ASSERTIONS = NO;
				ENABLE_STRICT_OBJC_MSGSEND = YES;
				GCC_C_LANGUAGE_STANDARD = gnu99;
				GCC_NO_COMMON_BLOCKS = YES;
				GCC_WARN_64_TO_32_BIT_CONVERSION = YES;
				GCC_WARN_ABOUT_RETURN_TYPE = YES_ERROR;
				GCC_WARN_UNDECLARED_SELECTOR = YES;
				GCC_WARN_UNINITIALIZED_AUTOS = YES_AGGRESSIVE;
				GCC_WARN_UNUSED_FUNCTION = YES;
				GCC_WARN_UNUSED_VARIABLE = YES;
				IPHONEOS_DEPLOYMENT_TARGET = 10.2;
				MTL_ENABLE_DEBUG_INFO = NO;
				SDKROOT = iphoneos;
				TARGETED_DEVICE_FAMILY = "1,2";
				VALIDATE_PRODUCT = YES;
			};
			name = Release;
		};
		BC6D0F621E0CF16500973D87 /* Debug */ = {
			isa = XCBuildConfiguration;
			baseConfigurationReference = A9123B0DD3AEBAA8A658AE3C /* Pods-Demo.debug.xcconfig */;
			buildSettings = {
				ASSETCATALOG_COMPILER_APPICON_NAME = AppIcon;
				DEVELOPMENT_TEAM = ZTW9XPA927;
				INFOPLIST_FILE = Demo/Info.plist;
				IPHONEOS_DEPLOYMENT_TARGET = 8.0;
				LD_RUNPATH_SEARCH_PATHS = "$(inherited) @executable_path/Frameworks";
				PRODUCT_BUNDLE_IDENTIFIER = Zerod.Demo;
				PRODUCT_NAME = "$(TARGET_NAME)";
			};
			name = Debug;
		};
		BC6D0F631E0CF16500973D87 /* Release */ = {
			isa = XCBuildConfiguration;
			baseConfigurationReference = EA8E95C250A081D8EE418E72 /* Pods-Demo.release.xcconfig */;
			buildSettings = {
				ASSETCATALOG_COMPILER_APPICON_NAME = AppIcon;
				DEVELOPMENT_TEAM = ZTW9XPA927;
				INFOPLIST_FILE = Demo/Info.plist;
				IPHONEOS_DEPLOYMENT_TARGET = 8.0;
				LD_RUNPATH_SEARCH_PATHS = "$(inherited) @executable_path/Frameworks";
				PRODUCT_BUNDLE_IDENTIFIER = Zerod.Demo;
				PRODUCT_NAME = "$(TARGET_NAME)";
			};
			name = Release;
		};
		BC6D0F651E0CF16500973D87 /* Debug */ = {
			isa = XCBuildConfiguration;
			buildSettings = {
				BUNDLE_LOADER = "$(TEST_HOST)";
				INFOPLIST_FILE = DemoTests/Info.plist;
				LD_RUNPATH_SEARCH_PATHS = "$(inherited) @executable_path/Frameworks @loader_path/Frameworks";
				PRODUCT_BUNDLE_IDENTIFIER = Zero.DemoTests;
				PRODUCT_NAME = "$(TARGET_NAME)";
				TEST_HOST = "$(BUILT_PRODUCTS_DIR)/Demo.app/Demo";
			};
			name = Debug;
		};
		BC6D0F661E0CF16500973D87 /* Release */ = {
			isa = XCBuildConfiguration;
			buildSettings = {
				BUNDLE_LOADER = "$(TEST_HOST)";
				INFOPLIST_FILE = DemoTests/Info.plist;
				LD_RUNPATH_SEARCH_PATHS = "$(inherited) @executable_path/Frameworks @loader_path/Frameworks";
				PRODUCT_BUNDLE_IDENTIFIER = Zero.DemoTests;
				PRODUCT_NAME = "$(TARGET_NAME)";
				TEST_HOST = "$(BUILT_PRODUCTS_DIR)/Demo.app/Demo";
			};
			name = Release;
		};
		BC6D0F681E0CF16500973D87 /* Debug */ = {
			isa = XCBuildConfiguration;
			buildSettings = {
				INFOPLIST_FILE = DemoUITests/Info.plist;
				LD_RUNPATH_SEARCH_PATHS = "$(inherited) @executable_path/Frameworks @loader_path/Frameworks";
				PRODUCT_BUNDLE_IDENTIFIER = Zero.DemoUITests;
				PRODUCT_NAME = "$(TARGET_NAME)";
				TEST_TARGET_NAME = Demo;
			};
			name = Debug;
		};
		BC6D0F691E0CF16500973D87 /* Release */ = {
			isa = XCBuildConfiguration;
			buildSettings = {
				INFOPLIST_FILE = DemoUITests/Info.plist;
				LD_RUNPATH_SEARCH_PATHS = "$(inherited) @executable_path/Frameworks @loader_path/Frameworks";
				PRODUCT_BUNDLE_IDENTIFIER = Zero.DemoUITests;
				PRODUCT_NAME = "$(TARGET_NAME)";
				TEST_TARGET_NAME = Demo;
			};
			name = Release;
		};
/* End XCBuildConfiguration section */

/* Begin XCConfigurationList section */
		BC6D0F2F1E0CF16500973D87 /* Build configuration list for PBXProject "Demo" */ = {
			isa = XCConfigurationList;
			buildConfigurations = (
				BC6D0F5F1E0CF16500973D87 /* Debug */,
				BC6D0F601E0CF16500973D87 /* Release */,
			);
			defaultConfigurationIsVisible = 0;
			defaultConfigurationName = Release;
		};
		BC6D0F611E0CF16500973D87 /* Build configuration list for PBXNativeTarget "Demo" */ = {
			isa = XCConfigurationList;
			buildConfigurations = (
				BC6D0F621E0CF16500973D87 /* Debug */,
				BC6D0F631E0CF16500973D87 /* Release */,
			);
			defaultConfigurationIsVisible = 0;
			defaultConfigurationName = Release;
		};
		BC6D0F641E0CF16500973D87 /* Build configuration list for PBXNativeTarget "DemoTests" */ = {
			isa = XCConfigurationList;
			buildConfigurations = (
				BC6D0F651E0CF16500973D87 /* Debug */,
				BC6D0F661E0CF16500973D87 /* Release */,
			);
			defaultConfigurationIsVisible = 0;
			defaultConfigurationName = Release;
		};
		BC6D0F671E0CF16500973D87 /* Build configuration list for PBXNativeTarget "DemoUITests" */ = {
			isa = XCConfigurationList;
			buildConfigurations = (
				BC6D0F681E0CF16500973D87 /* Debug */,
				BC6D0F691E0CF16500973D87 /* Release */,
			);
			defaultConfigurationIsVisible = 0;
			defaultConfigurationName = Release;
		};
/* End XCConfigurationList section */
	};
	rootObject = BC6D0F2C1E0CF16500973D87 /* Project object */;
}
